
Microsoft Visual Studio Solution File, Format Version 11.00
# Visual Studio 2010
Project("{FAE04EC0-301F-11D3-BF4B-00C04F79EFBC}") = "QBs", "QBs.csproj", "{59C93F8D-5CD2-4FEB-B916-3C3C849EE085}"
EndProject
Global
	GlobalSection(SolutionConfigurationPlatforms) = preSolution
		Debug|Any CPU = Debug|Any CPU
		Release|Any CPU = Release|Any CPU
	EndGlobalSection
	GlobalSection(ProjectConfigurationPlatforms) = postSolution
		{59C93F8D-5CD2-4FEB-B916-3C3C849EE085}.Debug|Any CPU.ActiveCfg = Debug|Any CPU
		{59C93F8D-5CD2-4FEB-B916-3C3C849EE085}.Debug|Any CPU.Build.0 = Debug|Any CPU
		{59C93F8D-5CD2-4FEB-B916-3C3C849EE085}.Release|Any CPU.ActiveCfg = Release|Any CPU
		{59C93F8D-5CD2-4FEB-B916-3C3C849EE085}.Release|Any CPU.Build.0 = Release|Any CPU
	EndGlobalSection
	GlobalSection(SolutionProperties) = preSolution
		HideSolutionNode = FALSE
	EndGlobalSection
EndGlobal
